
Microsoft Visual Studio Solution File, Format Version 12.00
# Visual Studio 2012
Project("{FAE04EC0-301F-11D3-BF4B-00C04F79EFBC}") = "Filmes", "Filmes\Filmes.csproj", "{0D6C8AE2-E232-49BC-B127-EE3FE655A4F1}"
EndProject
Global
	GlobalSection(SolutionConfigurationPlatforms) = preSolution
		Debug|Any CPU = Debug|Any CPU
		Release|Any CPU = Release|Any CPU
	EndGlobalSection
	GlobalSection(ProjectConfigurationPlatforms) = postSolution
		{0D6C8AE2-E232-49BC-B127-EE3FE655A4F1}.Debug|Any CPU.ActiveCfg = Debug|Any CPU
		{0D6C8AE2-E232-49BC-B127-EE3FE655A4F1}.Debug|Any CPU.Build.0 = Debug|Any CPU
		{0D6C8AE2-E232-49BC-B127-EE3FE655A4F1}.Release|Any CPU.ActiveCfg = Release|Any CPU
		{0D6C8AE2-E232-49BC-B127-EE3FE655A4F1}.Release|Any CPU.Build.0 = Release|Any CPU
	EndGlobalSection
	GlobalSection(SolutionProperties) = preSolution
		HideSolutionNode = FALSE
	EndGlobalSection
EndGlobal
